// !$*UTF8*$!
{
	archiveVersion = 1;
	classes = {
	};
	objectVersion = 77;
	objects = {

/* Begin PBXBuildFile section */
		0546421F76A6C8C55F5DDF7C /* TrialKeychainProbeApp.swift in Sources */ = {isa = PBXBuildFile; fileRef = 9805059F3C6B25A777C2E9DD /* TrialKeychainProbeApp.swift */; };
		957EB7CB4324BF9381890E4D /* KeychainProbeView.swift in Sources */ = {isa = PBXBuildFile; fileRef = 84F8780E20F807EEF6CF360C /* KeychainProbeView.swift */; };
		E80E146E18443095753F205F /* KeychainProbeRecord.swift in Sources */ = {isa = PBXBuildFile; fileRef = EF099C72452D85D71E1B5C45 /* KeychainProbeRecord.swift */; };
		F929586885172E94F4BF52C6 /* KeychainProbeStore.swift in Sources */ = {isa = PBXBuildFile; fileRef = D8E9D4A5CC2872E8FD0404FC /* KeychainProbeStore.swift */; };
/* End PBXBuildFile section */

/* Begin PBXFileReference section */
		84F8780E20F807EEF6CF360C /* KeychainProbeView.swift */ = {isa = PBXFileReference; lastKnownFileType = sourcecode.swift; path = KeychainProbeView.swift; sourceTree = "<group>"; };
		9805059F3C6B25A777C2E9DD /* TrialKeychainProbeApp.swift */ = {isa = PBXFileReference; lastKnownFileType = sourcecode.swift; path = TrialKeychainProbeApp.swift; sourceTree = "<group>"; };
		D8E9D4A5CC2872E8FD0404FC /* KeychainProbeStore.swift */ = {isa = PBXFileReference; lastKnownFileType = sourcecode.swift; path = KeychainProbeStore.swift; sourceTree = "<group>"; };
		DAF898855C5C126885431AE2 /* TrialKeychainProbe.app */ = {isa = PBXFileReference; includeInIndex = 0; lastKnownFileType = wrapper.application; path = TrialKeychainProbe.app; sourceTree = BUILT_PRODUCTS_DIR; };
		EF099C72452D85D71E1B5C45 /* KeychainProbeRecord.swift */ = {isa = PBXFileReference; lastKnownFileType = sourcecode.swift; path = KeychainProbeRecord.swift; sourceTree = "<group>"; };
/* End PBXFileReference section */

/* Begin PBXGroup section */
		5E2B1B5611EF84A120180BD9 = {
			isa = PBXGroup;
			children = (
				E827269C5333DA44B1FF0FD6 /* Sources */,
				F572B66FD18A1BC36DA92303 /* Products */,
			);
			sourceTree = "<group>";
		};
		E827269C5333DA44B1FF0FD6 /* Sources */ = {
			isa = PBXGroup;
			children = (
				EF099C72452D85D71E1B5C45 /* KeychainProbeRecord.swift */,
				D8E9D4A5CC2872E8FD0404FC /* KeychainProbeStore.swift */,
				84F8780E20F807EEF6CF360C /* KeychainProbeView.swift */,
				9805059F3C6B25A777C2E9DD /* TrialKeychainProbeApp.swift */,
			);
			path = Sources;
			sourceTree = "<group>";
		};
		F572B66FD18A1BC36DA92303 /* Products */ = {
			isa = PBXGroup;
			children = (
				DAF898855C5C126885431AE2 /* TrialKeychainProbe.app */,
			);
			name = Products;
			sourceTree = "<group>";
		};
/* End PBXGroup section */

/* Begin PBXNativeTarget section */
		2D46A6C617DB4F134790C91A /* TrialKeychainProbe */ = {
			isa = PBXNativeTarget;
			buildConfigurationList = CB071D931C337405DEF45574 /* Build configuration list for PBXNativeTarget "TrialKeychainProbe" */;
			buildPhases = (
				10ECEAA9EB82B04C38CBE330 /* Sources */,
			);
			buildRules = (
			);
			dependencies = (
			);
			name = TrialKeychainProbe;
			packageProductDependencies = (
			);
			productName = TrialKeychainProbe;
			productReference = DAF898855C5C126885431AE2 /* TrialKeychainProbe.app */;
			productType = "com.apple.product-type.application";
		};
/* End PBXNativeTarget section */

/* Begin PBXProject section */
		57473103F3CB152838A1123D /* Project object */ = {
			isa = PBXProject;
			attributes = {
				BuildIndependentTargetsInParallel = YES;
				LastUpgradeCheck = 1430;
				TargetAttributes = {
				};
			};
			buildConfigurationList = 9ED6851332B84045D08C0284 /* Build configuration list for PBXProject "TrialKeychainProbe" */;
			developmentRegion = en;
			hasScannedForEncodings = 0;
			knownRegions = (
				Base,
				en,
			);
			mainGroup = 5E2B1B5611EF84A120180BD9;
			minimizedProjectReferenceProxies = 1;
			preferredProjectObjectVersion = 77;
			productRefGroup = F572B66FD18A1BC36DA92303 /* Products */;
			projectDirPath = "";
			projectRoot = "";
			targets = (
				2D46A6C617DB4F134790C91A /* TrialKeychainProbe */,
			);
		};
/* End PBXProject section */

/* Begin PBXSourcesBuildPhase section */
		10ECEAA9EB82B04C38CBE330 /* Sources */ = {
			isa = PBXSourcesBuildPhase;
			buildActionMask = 2147483647;
			files = (
				E80E146E18443095753F205F /* KeychainProbeRecord.swift in Sources */,
				F929586885172E94F4BF52C6 /* KeychainProbeStore.swift in Sources */,
				957EB7CB4324BF9381890E4D /* KeychainProbeView.swift in Sources */,
				0546421F76A6C8C55F5DDF7C /* TrialKeychainProbeApp.swift in Sources */,
			);
			runOnlyForDeploymentPostprocessing = 0;
		};
/* End PBXSourcesBuildPhase section */

/* Begin XCBuildConfiguration section */
		190D851857DF060649108DA4 /* Debug */ = {
			isa = XCBuildConfiguration;
			buildSettings = {
				ASSETCATALOG_COMPILER_APPICON_NAME = AppIcon;
				CODE_SIGN_IDENTITY = "iPhone Developer";
				GENERATE_INFOPLIST_FILE = YES;
				INFOPLIST_KEY_CFBundleDisplayName = "Trial Keychain Probe";
				INFOPLIST_KEY_UIApplicationSceneManifest_Generation = YES;
				INFOPLIST_KEY_UIApplicationSupportsIndirectInputEvents = YES;
				INFOPLIST_KEY_UILaunchScreen_Generation = YES;
				IPHONEOS_DEPLOYMENT_TARGET = 26.0;
				LD_RUNPATH_SEARCH_PATHS = (
					"$(inherited)",
					"@executable_path/Frameworks",
				);
				PRODUCT_BUNDLE_IDENTIFIER = com.immerse.TrialKeychainProbe;
				PRODUCT_NAME = TrialKeychainProbe;
				SDKROOT = iphoneos;
				TARGETED_DEVICE_FAMILY = 1;
			};
			name = Debug;
		};
		1A44121CD97FBA4BF2CD6ECB /* Debug */ = {
			isa = XCBuildConfiguration;
			buildSettings = {
				ALWAYS_SEARCH_USER_PATHS = NO;
				CLANG_ANALYZER_NONNULL = YES;
				CLANG_ANALYZER_NUMBER_OBJECT_CONVERSION = YES_AGGRESSIVE;
				CLANG_CXX_LANGUAGE_STANDARD = "gnu++14";
				CLANG_CXX_LIBRARY = "libc++";
				CLANG_ENABLE_MODULES = YES;
				CLANG_ENABLE_OBJC_ARC = YES;
				CLANG_ENABLE_OBJC_WEAK = YES;
				CLANG_WARN_BLOCK_CAPTURE_AUTORELEASING = YES;
				CLANG_WARN_BOOL_CONVERSION = YES;
				CLANG_WARN_COMMA = YES;
				CLANG_WARN_CONSTANT_CONVERSION = YES;
				CLANG_WARN_DEPRECATED_OBJC_IMPLEMENTATIONS = YES;
				CLANG_WARN_DIRECT_OBJC_ISA_USAGE = YES_ERROR;
				CLANG_WARN_DOCUMENTATION_COMMENTS = YES;
				CLANG_WARN_EMPTY_BODY = YES;
				CLANG_WARN_ENUM_CONVERSION = YES;
				CLANG_WARN_INFINITE_RECURSION = YES;
				CLANG_WARN_INT_CONVERSION = YES;
				CLANG_WARN_NON_LITERAL_NULL_CONVERSION = YES;
				CLANG_WARN_OBJC_IMPLICIT_RETAIN_SELF = YES;
				CLANG_WARN_OBJC_LITERAL_CONVERSION = YES;
				CLANG_WARN_OBJC_ROOT_CLASS = YES_ERROR;
				CLANG_WARN_QUOTED_INCLUDE_IN_FRAMEWORK_HEADER = YES;
				CLANG_WARN_RANGE_LOOP_ANALYSIS = YES;
				CLANG_WARN_STRICT_PROTOTYPES = YES;
				CLANG_WARN_SUSPICIOUS_MOVE = YES;
				CLANG_WARN_UNGUARDED_AVAILABILITY = YES_AGGRESSIVE;
				CLANG_WARN_UNREACHABLE_CODE = YES;
				CLANG_WARN__DUPLICATE_METHOD_MATCH = YES;
				COPY_PHASE_STRIP = NO;
				DEBUG_INFORMATION_FORMAT = dwarf;
				ENABLE_STRICT_OBJC_MSGSEND = YES;
				ENABLE_TESTABILITY = YES;
				GCC_C_LANGUAGE_STANDARD = gnu11;
				GCC_DYNAMIC_NO_PIC = NO;
				GCC_NO_COMMON_BLOCKS = YES;
				GCC_OPTIMIZATION_LEVEL = 0;
				GCC_PREPROCESSOR_DEFINITIONS = (
					"$(inherited)",
					"DEBUG=1",
				);
				GCC_WARN_64_TO_32_BIT_CONVERSION = YES;
				GCC_WARN_ABOUT_RETURN_TYPE = YES_ERROR;
				GCC_WARN_UNDECLARED_SELECTOR = YES;
				GCC_WARN_UNINITIALIZED_AUTOS = YES_AGGRESSIVE;
				GCC_WARN_UNUSED_FUNCTION = YES;
				GCC_WARN_UNUSED_VARIABLE = YES;
				IPHONEOS_DEPLOYMENT_TARGET = 26.0;
				MTL_ENABLE_DEBUG_INFO = INCLUDE_SOURCE;
				MTL_FAST_MATH = YES;
				ONLY_ACTIVE_ARCH = YES;
				PRODUCT_NAME = "$(TARGET_NAME)";
				SDKROOT = iphoneos;
				SWIFT_ACTIVE_COMPILATION_CONDITIONS = DEBUG;
				SWIFT_OPTIMIZATION_LEVEL = "-Onone";
				SWIFT_VERSION = 6.0;
			};
			name = Debug;
		};
		4BF8112106A662F967BB062C /* Release */ = {
			isa = XCBuildConfiguration;
			buildSettings = {
				ALWAYS_SEARCH_USER_PATHS = NO;
				CLANG_ANALYZER_NONNULL = YES;
				CLANG_ANALYZER_NUMBER_OBJECT_CONVERSION = YES_AGGRESSIVE;
				CLANG_CXX_LANGUAGE_STANDARD = "gnu++14";
				CLANG_CXX_LIBRARY = "libc++";
				CLANG_ENABLE_MODULES = YES;
				CLANG_ENABLE_OBJC_ARC = YES;
				CLANG_ENABLE_OBJC_WEAK = YES;
				CLANG_WARN_BLOCK_CAPTURE_AUTORELEASING = YES;
				CLANG_WARN_BOOL_CONVERSION = YES;
				CLANG_WARN_COMMA = YES;
				CLANG_WARN_CONSTANT_CONVERSION = YES;
				CLANG_WARN_DEPRECATED_OBJC_IMPLEMENTATIONS = YES;
				CLANG_WARN_DIRECT_OBJC_ISA_USAGE = YES_ERROR;
				CLANG_WARN_DOCUMENTATION_COMMENTS = YES;
				CLANG_WARN_EMPTY_BODY = YES;
				CLANG_WARN_ENUM_CONVERSION = YES;
				CLANG_WARN_INFINITE_RECURSION = YES;
				CLANG_WARN_INT_CONVERSION = YES;
				CLANG_WARN_NON_LITERAL_NULL_CONVERSION = YES;
				CLANG_WARN_OBJC_IMPLICIT_RETAIN_SELF = YES;
				CLANG_WARN_OBJC_LITERAL_CONVERSION = YES;
				CLANG_WARN_OBJC_ROOT_CLASS = YES_ERROR;
				CLANG_WARN_QUOTED_INCLUDE_IN_FRAMEWORK_HEADER = YES;
				CLANG_WARN_RANGE_LOOP_ANALYSIS = YES;
				CLANG_WARN_STRICT_PROTOTYPES = YES;
				CLANG_WARN_SUSPICIOUS_MOVE = YES;
				CLANG_WARN_UNGUARDED_AVAILABILITY = YES_AGGRESSIVE;
				CLANG_WARN_UNREACHABLE_CODE = YES;
				CLANG_WARN__DUPLICATE_METHOD_MATCH = YES;
				COPY_PHASE_STRIP = NO;
				DEBUG_INFORMATION_FORMAT = "dwarf-with-dsym";
				ENABLE_NS_ASSERTIONS = NO;
				ENABLE_STRICT_OBJC_MSGSEND = YES;
				GCC_C_LANGUAGE_STANDARD = gnu11;
				GCC_NO_COMMON_BLOCKS = YES;
				GCC_WARN_64_TO_32_BIT_CONVERSION = YES;
				GCC_WARN_ABOUT_RETURN_TYPE = YES_ERROR;
				GCC_WARN_UNDECLARED_SELECTOR = YES;
				GCC_WARN_UNINITIALIZED_AUTOS = YES_AGGRESSIVE;
				GCC_WARN_UNUSED_FUNCTION = YES;
				GCC_WARN_UNUSED_VARIABLE = YES;
				IPHONEOS_DEPLOYMENT_TARGET = 26.0;
				MTL_ENABLE_DEBUG_INFO = NO;
				MTL_FAST_MATH = YES;
				PRODUCT_NAME = "$(TARGET_NAME)";
				SDKROOT = iphoneos;
				SWIFT_COMPILATION_MODE = wholemodule;
				SWIFT_OPTIMIZATION_LEVEL = "-O";
				SWIFT_VERSION = 6.0;
			};
			name = Release;
		};
		CBE155382C7EC8B938BB01FD /* Release */ = {
			isa = XCBuildConfiguration;
			buildSettings = {
				ASSETCATALOG_COMPILER_APPICON_NAME = AppIcon;
				CODE_SIGN_IDENTITY = "iPhone Developer";
				GENERATE_INFOPLIST_FILE = YES;
				INFOPLIST_KEY_CFBundleDisplayName = "Trial Keychain Probe";
				INFOPLIST_KEY_UIApplicationSceneManifest_Generation = YES;
				INFOPLIST_KEY_UIApplicationSupportsIndirectInputEvents = YES;
				INFOPLIST_KEY_UILaunchScreen_Generation = YES;
				IPHONEOS_DEPLOYMENT_TARGET = 26.0;
				LD_RUNPATH_SEARCH_PATHS = (
					"$(inherited)",
					"@executable_path/Frameworks",
				);
				PRODUCT_BUNDLE_IDENTIFIER = com.immerse.TrialKeychainProbe;
				PRODUCT_NAME = TrialKeychainProbe;
				SDKROOT = iphoneos;
				TARGETED_DEVICE_FAMILY = 1;
			};
			name = Release;
		};
/* End XCBuildConfiguration section */

/* Begin XCConfigurationList section */
		9ED6851332B84045D08C0284 /* Build configuration list for PBXProject "TrialKeychainProbe" */ = {
			isa = XCConfigurationList;
			buildConfigurations = (
				1A44121CD97FBA4BF2CD6ECB /* Debug */,
				4BF8112106A662F967BB062C /* Release */,
			);
			defaultConfigurationIsVisible = 0;
			defaultConfigurationName = Debug;
		};
		CB071D931C337405DEF45574 /* Build configuration list for PBXNativeTarget "TrialKeychainProbe" */ = {
			isa = XCConfigurationList;
			buildConfigurations = (
				190D851857DF060649108DA4 /* Debug */,
				CBE155382C7EC8B938BB01FD /* Release */,
			);
			defaultConfigurationIsVisible = 0;
			defaultConfigurationName = Debug;
		};
/* End XCConfigurationList section */
	};
	rootObject = 57473103F3CB152838A1123D /* Project object */;
}
