<?xml version="1.0" encoding="UTF-8"?>
<Scheme
   LastUpgradeVersion = "1430"
   version = "1.7">
   <BuildAction
      parallelizeBuildables = "YES"
      buildImplicitDependencies = "YES"
      runPostActionsOnFailure = "NO">
      <BuildActionEntries>
         <BuildActionEntry
            buildForTesting = "YES"
            buildForRunning = "NO"
            buildForProfiling = "NO"
            buildForArchiving = "NO"
            buildForAnalyzing = "NO">
            <BuildableReference
               BuildableIdentifier = "primary"
               BlueprintIdentifier = "0193B4022E6942043A1E3821"
               BuildableName = "DevelopmentObserverTests.xctest"
               BlueprintName = "DevelopmentObserverTests"
               ReferencedContainer = "container:ExportPrivacyHarness.xcodeproj">
            </BuildableReference>
         </BuildActionEntry>
         <BuildActionEntry
            buildForTesting = "YES"
            buildForRunning = "YES"
            buildForProfiling = "YES"
            buildForArchiving = "YES"
            buildForAnalyzing = "YES">
            <BuildableReference
               BuildableIdentifier = "primary"
               BlueprintIdentifier = "B297E76505E38CBC4E3D29BB"
               BuildableName = "ExportPrivacyHarness.app"
               BlueprintName = "ExportPrivacyHarness"
               ReferencedContainer = "container:ExportPrivacyHarness.xcodeproj">
            </BuildableReference>
         </BuildActionEntry>
         <BuildActionEntry
            buildForTesting = "YES"
            buildForRunning = "NO"
            buildForProfiling = "NO"
            buildForArchiving = "NO"
            buildForAnalyzing = "NO">
            <BuildableReference
               BuildableIdentifier = "primary"
               BlueprintIdentifier = "C4670707147C90AB50692A1A"
               BuildableName = "ExportPrivacyTests.xctest"
               BlueprintName = "ExportPrivacyTests"
               ReferencedContainer = "container:ExportPrivacyHarness.xcodeproj">
            </BuildableReference>
         </BuildActionEntry>
         <BuildActionEntry
            buildForTesting = "YES"
            buildForRunning = "NO"
            buildForProfiling = "NO"
            buildForArchiving = "NO"
            buildForAnalyzing = "NO">
            <BuildableReference
               BuildableIdentifier = "primary"
               BlueprintIdentifier = "2B789362606419B9ECC9030F"
               BuildableName = "ExportPrivacyUITests.xctest"
               BlueprintName = "ExportPrivacyUITests"
               ReferencedContainer = "container:ExportPrivacyHarness.xcodeproj">
            </BuildableReference>
         </BuildActionEntry>
      </BuildActionEntries>
   </BuildAction>
   <TestAction
      buildConfiguration = "Debug"
      selectedDebuggerIdentifier = "Xcode.DebuggerFoundation.Debugger.LLDB"
      selectedLauncherIdentifier = "Xcode.DebuggerFoundation.Launcher.LLDB"
      shouldUseLaunchSchemeArgsEnv = "YES"
      onlyGenerateCoverageForSpecifiedTargets = "NO">
      <MacroExpansion>
         <BuildableReference
            BuildableIdentifier = "primary"
            BlueprintIdentifier = "B297E76505E38CBC4E3D29BB"
            BuildableName = "ExportPrivacyHarness.app"
            BlueprintName = "ExportPrivacyHarness"
            ReferencedContainer = "container:ExportPrivacyHarness.xcodeproj">
         </BuildableReference>
      </MacroExpansion>
      <Testables>
         <TestableReference
            skipped = "NO"
            parallelizable = "NO">
            <BuildableReference
               BuildableIdentifier = "primary"
               BlueprintIdentifier = "C4670707147C90AB50692A1A"
               BuildableName = "ExportPrivacyTests.xctest"
               BlueprintName = "ExportPrivacyTests"
               ReferencedContainer = "container:ExportPrivacyHarness.xcodeproj">
            </BuildableReference>
         </TestableReference>
         <TestableReference
            skipped = "NO"
            parallelizable = "NO">
            <BuildableReference
               BuildableIdentifier = "primary"
               BlueprintIdentifier = "2B789362606419B9ECC9030F"
               BuildableName = "ExportPrivacyUITests.xctest"
               BlueprintName = "ExportPrivacyUITests"
               ReferencedContainer = "container:ExportPrivacyHarness.xcodeproj">
            </BuildableReference>
         </TestableReference>
         <TestableReference
            skipped = "NO"
            parallelizable = "NO">
            <BuildableReference
               BuildableIdentifier = "primary"
               BlueprintIdentifier = "0193B4022E6942043A1E3821"
               BuildableName = "DevelopmentObserverTests.xctest"
               BlueprintName = "DevelopmentObserverTests"
               ReferencedContainer = "container:ExportPrivacyHarness.xcodeproj">
            </BuildableReference>
         </TestableReference>
      </Testables>
      <CommandLineArguments>
      </CommandLineArguments>
   </TestAction>
   <LaunchAction
      buildConfiguration = "Debug"
      selectedDebuggerIdentifier = "Xcode.DebuggerFoundation.Debugger.LLDB"
      selectedLauncherIdentifier = "Xcode.DebuggerFoundation.Launcher.LLDB"
      launchStyle = "0"
      useCustomWorkingDirectory = "NO"
      ignoresPersistentStateOnLaunch = "NO"
      debugDocumentVersioning = "YES"
      debugServiceExtension = "internal"
      allowLocationSimulation = "YES">
      <BuildableProductRunnable
         runnableDebuggingMode = "0">
         <BuildableReference
            BuildableIdentifier = "primary"
            BlueprintIdentifier = "B297E76505E38CBC4E3D29BB"
            BuildableName = "ExportPrivacyHarness.app"
            BlueprintName = "ExportPrivacyHarness"
            ReferencedContainer = "container:ExportPrivacyHarness.xcodeproj">
         </BuildableReference>
      </BuildableProductRunnable>
   </LaunchAction>
   <ProfileAction
      buildConfiguration = "Release"
      shouldUseLaunchSchemeArgsEnv = "YES"
      savedToolIdentifier = ""
      useCustomWorkingDirectory = "NO"
      debugDocumentVersioning = "YES">
      <BuildableProductRunnable
         runnableDebuggingMode = "0">
         <BuildableReference
            BuildableIdentifier = "primary"
            BlueprintIdentifier = "B297E76505E38CBC4E3D29BB"
            BuildableName = "ExportPrivacyHarness.app"
            BlueprintName = "ExportPrivacyHarness"
            ReferencedContainer = "container:ExportPrivacyHarness.xcodeproj">
         </BuildableReference>
      </BuildableProductRunnable>
   </ProfileAction>
   <AnalyzeAction
      buildConfiguration = "Debug">
   </AnalyzeAction>
   <ArchiveAction
      buildConfiguration = "Release"
      revealArchiveInOrganizer = "YES">
   </ArchiveAction>
</Scheme>
