// !$*UTF8*$!
{
	archiveVersion = 1;
	classes = {
	};
	objectVersion = 77;
	objects = {

/* Begin PBXBuildFile section */
		2E0BEADF4AA29CBA4BEEAFED /* FilmRuntime in Frameworks */ = {isa = PBXBuildFile; productRef = E426B161B9CDB36E082BA2E7 /* FilmRuntime */; };
		64ADD168C7EE28796E2A66E7 /* CapturePipeline in Frameworks */ = {isa = PBXBuildFile; productRef = 5E904CBF87DC28A04E46FA0A /* CapturePipeline */; };
		A5E1CC89C084601837A786CF /* NativeAdaptersCompileProbeApp.swift in Sources */ = {isa = PBXBuildFile; fileRef = 92F6742E3A8FEBD436AB753D /* NativeAdaptersCompileProbeApp.swift */; };
		D630C0E4CD882BE5FCC4C54D /* NativeAdapters in Frameworks */ = {isa = PBXBuildFile; productRef = C140131876B64188AF0ED0D1 /* NativeAdapters */; };
		F4B1C266B441D5E02CE221DA /* RenderCore in Frameworks */ = {isa = PBXBuildFile; productRef = 1F5D3B1DA1F627D59C3D8B34 /* RenderCore */; };
/* End PBXBuildFile section */

/* Begin PBXFileReference section */
		03FF40B811B9D4862D6BBA1A /* NativeAdapters */ = {isa = PBXFileReference; lastKnownFileType = folder; name = NativeAdapters; path = ../../Packages/NativeAdapters; sourceTree = SOURCE_ROOT; };
		7D875A2BC64C626D0507DD14 /* RenderCore */ = {isa = PBXFileReference; lastKnownFileType = folder; name = RenderCore; path = ../../Packages/RenderCore; sourceTree = SOURCE_ROOT; };
		830049EBEA1C07EEFA933730 /* NativeAdaptersCompileProbe.app */ = {isa = PBXFileReference; includeInIndex = 0; lastKnownFileType = wrapper.application; path = NativeAdaptersCompileProbe.app; sourceTree = BUILT_PRODUCTS_DIR; };
		92F6742E3A8FEBD436AB753D /* NativeAdaptersCompileProbeApp.swift */ = {isa = PBXFileReference; lastKnownFileType = sourcecode.swift; path = NativeAdaptersCompileProbeApp.swift; sourceTree = "<group>"; };
		9D5442E5B09E7343EB1E3560 /* FilmRuntime */ = {isa = PBXFileReference; lastKnownFileType = folder; name = FilmRuntime; path = ../../Packages/FilmRuntime; sourceTree = SOURCE_ROOT; };
		A4FA321AAF314A4DC6FA226C /* CapturePipeline */ = {isa = PBXFileReference; lastKnownFileType = folder; name = CapturePipeline; path = ../../Packages/CapturePipeline; sourceTree = SOURCE_ROOT; };
/* End PBXFileReference section */

/* Begin PBXFrameworksBuildPhase section */
		1524EE9B727158DEEF98F559 /* Frameworks */ = {
			isa = PBXFrameworksBuildPhase;
			buildActionMask = 2147483647;
			files = (
				D630C0E4CD882BE5FCC4C54D /* NativeAdapters in Frameworks */,
				64ADD168C7EE28796E2A66E7 /* CapturePipeline in Frameworks */,
				F4B1C266B441D5E02CE221DA /* RenderCore in Frameworks */,
				2E0BEADF4AA29CBA4BEEAFED /* FilmRuntime in Frameworks */,
			);
			runOnlyForDeploymentPostprocessing = 0;
		};
/* End PBXFrameworksBuildPhase section */

/* Begin PBXGroup section */
		0193F2EFDC7F7218C7AAB082 /* Products */ = {
			isa = PBXGroup;
			children = (
				830049EBEA1C07EEFA933730 /* NativeAdaptersCompileProbe.app */,
			);
			name = Products;
			sourceTree = "<group>";
		};
		A9FD7F496579B50CBEC67479 /* Packages */ = {
			isa = PBXGroup;
			children = (
				A4FA321AAF314A4DC6FA226C /* CapturePipeline */,
				9D5442E5B09E7343EB1E3560 /* FilmRuntime */,
				03FF40B811B9D4862D6BBA1A /* NativeAdapters */,
				7D875A2BC64C626D0507DD14 /* RenderCore */,
			);
			name = Packages;
			sourceTree = "<group>";
		};
		B594CA6443C912B95E9C81D3 = {
			isa = PBXGroup;
			children = (
				A9FD7F496579B50CBEC67479 /* Packages */,
				C4999D158E2EC0F19F865A78 /* Sources */,
				0193F2EFDC7F7218C7AAB082 /* Products */,
			);
			sourceTree = "<group>";
		};
		C4999D158E2EC0F19F865A78 /* Sources */ = {
			isa = PBXGroup;
			children = (
				92F6742E3A8FEBD436AB753D /* NativeAdaptersCompileProbeApp.swift */,
			);
			path = Sources;
			sourceTree = "<group>";
		};
/* End PBXGroup section */

/* Begin PBXNativeTarget section */
		97B6429C4D39C0A083A474DC /* NativeAdaptersCompileProbe */ = {
			isa = PBXNativeTarget;
			buildConfigurationList = 92271262256CA0D8BBF22AFA /* Build configuration list for PBXNativeTarget "NativeAdaptersCompileProbe" */;
			buildPhases = (
				F8B48F5E86D2BCC98DE8F2FD /* Sources */,
				1524EE9B727158DEEF98F559 /* Frameworks */,
			);
			buildRules = (
			);
			dependencies = (
			);
			name = NativeAdaptersCompileProbe;
			packageProductDependencies = (
				C140131876B64188AF0ED0D1 /* NativeAdapters */,
				5E904CBF87DC28A04E46FA0A /* CapturePipeline */,
				1F5D3B1DA1F627D59C3D8B34 /* RenderCore */,
				E426B161B9CDB36E082BA2E7 /* FilmRuntime */,
			);
			productName = NativeAdaptersCompileProbe;
			productReference = 830049EBEA1C07EEFA933730 /* NativeAdaptersCompileProbe.app */;
			productType = "com.apple.product-type.application";
		};
/* End PBXNativeTarget section */

/* Begin PBXProject section */
		F563810B0FD8E51CE1A2B6C4 /* Project object */ = {
			isa = PBXProject;
			attributes = {
				BuildIndependentTargetsInParallel = YES;
				LastUpgradeCheck = 1430;
				TargetAttributes = {
				};
			};
			buildConfigurationList = 1F8B21602ADA4B76A49C4440 /* Build configuration list for PBXProject "NativeAdaptersCompileProbe" */;
			developmentRegion = en;
			hasScannedForEncodings = 0;
			knownRegions = (
				Base,
				en,
			);
			mainGroup = B594CA6443C912B95E9C81D3;
			minimizedProjectReferenceProxies = 1;
			packageReferences = (
				5D55CA74824E3B6E78CD2E10 /* XCLocalSwiftPackageReference "../../Packages/CapturePipeline" */,
				93EAC2E8743DD02A32A3826B /* XCLocalSwiftPackageReference "../../Packages/FilmRuntime" */,
				3A50539748294D48801DB893 /* XCLocalSwiftPackageReference "../../Packages/NativeAdapters" */,
				E2618D39B377E52DE43DF19B /* XCLocalSwiftPackageReference "../../Packages/RenderCore" */,
			);
			preferredProjectObjectVersion = 77;
			productRefGroup = 0193F2EFDC7F7218C7AAB082 /* Products */;
			projectDirPath = "";
			projectRoot = "";
			targets = (
				97B6429C4D39C0A083A474DC /* NativeAdaptersCompileProbe */,
			);
		};
/* End PBXProject section */

/* Begin PBXSourcesBuildPhase section */
		F8B48F5E86D2BCC98DE8F2FD /* Sources */ = {
			isa = PBXSourcesBuildPhase;
			buildActionMask = 2147483647;
			files = (
				A5E1CC89C084601837A786CF /* NativeAdaptersCompileProbeApp.swift in Sources */,
			);
			runOnlyForDeploymentPostprocessing = 0;
		};
/* End PBXSourcesBuildPhase section */

/* Begin XCBuildConfiguration section */
		08DCA5CE635E59460307B0C4 /* Debug */ = {
			isa = XCBuildConfiguration;
			buildSettings = {
				ALWAYS_SEARCH_USER_PATHS = NO;
				CLANG_ANALYZER_NONNULL = YES;
				CLANG_ANALYZER_NUMBER_OBJECT_CONVERSION = YES_AGGRESSIVE;
				CLANG_CXX_LANGUAGE_STANDARD = "gnu++14";
				CLANG_CXX_LIBRARY = "libc++";
				CLANG_ENABLE_MODULES = YES;
				CLANG_ENABLE_OBJC_ARC = YES;
				CLANG_ENABLE_OBJC_WEAK = YES;
				CLANG_WARN_BLOCK_CAPTURE_AUTORELEASING = YES;
				CLANG_WARN_BOOL_CONVERSION = YES;
				CLANG_WARN_COMMA = YES;
				CLANG_WARN_CONSTANT_CONVERSION = YES;
				CLANG_WARN_DEPRECATED_OBJC_IMPLEMENTATIONS = YES;
				CLANG_WARN_DIRECT_OBJC_ISA_USAGE = YES_ERROR;
				CLANG_WARN_DOCUMENTATION_COMMENTS = YES;
				CLANG_WARN_EMPTY_BODY = YES;
				CLANG_WARN_ENUM_CONVERSION = YES;
				CLANG_WARN_INFINITE_RECURSION = YES;
				CLANG_WARN_INT_CONVERSION = YES;
				CLANG_WARN_NON_LITERAL_NULL_CONVERSION = YES;
				CLANG_WARN_OBJC_IMPLICIT_RETAIN_SELF = YES;
				CLANG_WARN_OBJC_LITERAL_CONVERSION = YES;
				CLANG_WARN_OBJC_ROOT_CLASS = YES_ERROR;
				CLANG_WARN_QUOTED_INCLUDE_IN_FRAMEWORK_HEADER = YES;
				CLANG_WARN_RANGE_LOOP_ANALYSIS = YES;
				CLANG_WARN_STRICT_PROTOTYPES = YES;
				CLANG_WARN_SUSPICIOUS_MOVE = YES;
				CLANG_WARN_UNGUARDED_AVAILABILITY = YES_AGGRESSIVE;
				CLANG_WARN_UNREACHABLE_CODE = YES;
				CLANG_WARN__DUPLICATE_METHOD_MATCH = YES;
				COPY_PHASE_STRIP = NO;
				DEBUG_INFORMATION_FORMAT = dwarf;
				ENABLE_STRICT_OBJC_MSGSEND = YES;
				ENABLE_TESTABILITY = YES;
				GCC_C_LANGUAGE_STANDARD = gnu11;
				GCC_DYNAMIC_NO_PIC = NO;
				GCC_NO_COMMON_BLOCKS = YES;
				GCC_OPTIMIZATION_LEVEL = 0;
				GCC_PREPROCESSOR_DEFINITIONS = (
					"$(inherited)",
					"DEBUG=1",
				);
				GCC_WARN_64_TO_32_BIT_CONVERSION = YES;
				GCC_WARN_ABOUT_RETURN_TYPE = YES_ERROR;
				GCC_WARN_UNDECLARED_SELECTOR = YES;
				GCC_WARN_UNINITIALIZED_AUTOS = YES_AGGRESSIVE;
				GCC_WARN_UNUSED_FUNCTION = YES;
				GCC_WARN_UNUSED_VARIABLE = YES;
				IPHONEOS_DEPLOYMENT_TARGET = 26.0;
				MTL_ENABLE_DEBUG_INFO = INCLUDE_SOURCE;
				MTL_FAST_MATH = YES;
				ONLY_ACTIVE_ARCH = YES;
				PRODUCT_NAME = "$(TARGET_NAME)";
				SDKROOT = iphoneos;
				SWIFT_ACTIVE_COMPILATION_CONDITIONS = DEBUG;
				SWIFT_OPTIMIZATION_LEVEL = "-Onone";
				SWIFT_VERSION = 6.0;
			};
			name = Debug;
		};
		35B0741D37F3E5F8AF4CE2C1 /* Debug */ = {
			isa = XCBuildConfiguration;
			buildSettings = {
				ASSETCATALOG_COMPILER_APPICON_NAME = AppIcon;
				CODE_SIGN_IDENTITY = "iPhone Developer";
				GENERATE_INFOPLIST_FILE = YES;
				INFOPLIST_KEY_CFBundleDisplayName = "Native Adapters Compile Probe";
				INFOPLIST_KEY_UIApplicationSceneManifest_Generation = YES;
				INFOPLIST_KEY_UIApplicationSupportsIndirectInputEvents = YES;
				INFOPLIST_KEY_UILaunchScreen_Generation = YES;
				IPHONEOS_DEPLOYMENT_TARGET = 26.0;
				LD_RUNPATH_SEARCH_PATHS = (
					"$(inherited)",
					"@executable_path/Frameworks",
				);
				PRODUCT_BUNDLE_IDENTIFIER = com.immerse.NativeAdaptersCompileProbe;
				PRODUCT_NAME = NativeAdaptersCompileProbe;
				SDKROOT = iphoneos;
				TARGETED_DEVICE_FAMILY = 1;
			};
			name = Debug;
		};
		3AAEA69BFFB8851DF95E184D /* Release */ = {
			isa = XCBuildConfiguration;
			buildSettings = {
				ASSETCATALOG_COMPILER_APPICON_NAME = AppIcon;
				CODE_SIGN_IDENTITY = "iPhone Developer";
				GENERATE_INFOPLIST_FILE = YES;
				INFOPLIST_KEY_CFBundleDisplayName = "Native Adapters Compile Probe";
				INFOPLIST_KEY_UIApplicationSceneManifest_Generation = YES;
				INFOPLIST_KEY_UIApplicationSupportsIndirectInputEvents = YES;
				INFOPLIST_KEY_UILaunchScreen_Generation = YES;
				IPHONEOS_DEPLOYMENT_TARGET = 26.0;
				LD_RUNPATH_SEARCH_PATHS = (
					"$(inherited)",
					"@executable_path/Frameworks",
				);
				PRODUCT_BUNDLE_IDENTIFIER = com.immerse.NativeAdaptersCompileProbe;
				PRODUCT_NAME = NativeAdaptersCompileProbe;
				SDKROOT = iphoneos;
				TARGETED_DEVICE_FAMILY = 1;
			};
			name = Release;
		};
		77C090768917DE5AC33A7DAA /* Release */ = {
			isa = XCBuildConfiguration;
			buildSettings = {
				ALWAYS_SEARCH_USER_PATHS = NO;
				CLANG_ANALYZER_NONNULL = YES;
				CLANG_ANALYZER_NUMBER_OBJECT_CONVERSION = YES_AGGRESSIVE;
				CLANG_CXX_LANGUAGE_STANDARD = "gnu++14";
				CLANG_CXX_LIBRARY = "libc++";
				CLANG_ENABLE_MODULES = YES;
				CLANG_ENABLE_OBJC_ARC = YES;
				CLANG_ENABLE_OBJC_WEAK = YES;
				CLANG_WARN_BLOCK_CAPTURE_AUTORELEASING = YES;
				CLANG_WARN_BOOL_CONVERSION = YES;
				CLANG_WARN_COMMA = YES;
				CLANG_WARN_CONSTANT_CONVERSION = YES;
				CLANG_WARN_DEPRECATED_OBJC_IMPLEMENTATIONS = YES;
				CLANG_WARN_DIRECT_OBJC_ISA_USAGE = YES_ERROR;
				CLANG_WARN_DOCUMENTATION_COMMENTS = YES;
				CLANG_WARN_EMPTY_BODY = YES;
				CLANG_WARN_ENUM_CONVERSION = YES;
				CLANG_WARN_INFINITE_RECURSION = YES;
				CLANG_WARN_INT_CONVERSION = YES;
				CLANG_WARN_NON_LITERAL_NULL_CONVERSION = YES;
				CLANG_WARN_OBJC_IMPLICIT_RETAIN_SELF = YES;
				CLANG_WARN_OBJC_LITERAL_CONVERSION = YES;
				CLANG_WARN_OBJC_ROOT_CLASS = YES_ERROR;
				CLANG_WARN_QUOTED_INCLUDE_IN_FRAMEWORK_HEADER = YES;
				CLANG_WARN_RANGE_LOOP_ANALYSIS = YES;
				CLANG_WARN_STRICT_PROTOTYPES = YES;
				CLANG_WARN_SUSPICIOUS_MOVE = YES;
				CLANG_WARN_UNGUARDED_AVAILABILITY = YES_AGGRESSIVE;
				CLANG_WARN_UNREACHABLE_CODE = YES;
				CLANG_WARN__DUPLICATE_METHOD_MATCH = YES;
				COPY_PHASE_STRIP = NO;
				DEBUG_INFORMATION_FORMAT = "dwarf-with-dsym";
				ENABLE_NS_ASSERTIONS = NO;
				ENABLE_STRICT_OBJC_MSGSEND = YES;
				GCC_C_LANGUAGE_STANDARD = gnu11;
				GCC_NO_COMMON_BLOCKS = YES;
				GCC_WARN_64_TO_32_BIT_CONVERSION = YES;
				GCC_WARN_ABOUT_RETURN_TYPE = YES_ERROR;
				GCC_WARN_UNDECLARED_SELECTOR = YES;
				GCC_WARN_UNINITIALIZED_AUTOS = YES_AGGRESSIVE;
				GCC_WARN_UNUSED_FUNCTION = YES;
				GCC_WARN_UNUSED_VARIABLE = YES;
				IPHONEOS_DEPLOYMENT_TARGET = 26.0;
				MTL_ENABLE_DEBUG_INFO = NO;
				MTL_FAST_MATH = YES;
				PRODUCT_NAME = "$(TARGET_NAME)";
				SDKROOT = iphoneos;
				SWIFT_COMPILATION_MODE = wholemodule;
				SWIFT_OPTIMIZATION_LEVEL = "-O";
				SWIFT_VERSION = 6.0;
			};
			name = Release;
		};
/* End XCBuildConfiguration section */

/* Begin XCConfigurationList section */
		1F8B21602ADA4B76A49C4440 /* Build configuration list for PBXProject "NativeAdaptersCompileProbe" */ = {
			isa = XCConfigurationList;
			buildConfigurations = (
				08DCA5CE635E59460307B0C4 /* Debug */,
				77C090768917DE5AC33A7DAA /* Release */,
			);
			defaultConfigurationIsVisible = 0;
			defaultConfigurationName = Debug;
		};
		92271262256CA0D8BBF22AFA /* Build configuration list for PBXNativeTarget "NativeAdaptersCompileProbe" */ = {
			isa = XCConfigurationList;
			buildConfigurations = (
				35B0741D37F3E5F8AF4CE2C1 /* Debug */,
				3AAEA69BFFB8851DF95E184D /* Release */,
			);
			defaultConfigurationIsVisible = 0;
			defaultConfigurationName = Debug;
		};
/* End XCConfigurationList section */

/* Begin XCLocalSwiftPackageReference section */
		3A50539748294D48801DB893 /* XCLocalSwiftPackageReference "../../Packages/NativeAdapters" */ = {
			isa = XCLocalSwiftPackageReference;
			relativePath = ../../Packages/NativeAdapters;
		};
		5D55CA74824E3B6E78CD2E10 /* XCLocalSwiftPackageReference "../../Packages/CapturePipeline" */ = {
			isa = XCLocalSwiftPackageReference;
			relativePath = ../../Packages/CapturePipeline;
		};
		93EAC2E8743DD02A32A3826B /* XCLocalSwiftPackageReference "../../Packages/FilmRuntime" */ = {
			isa = XCLocalSwiftPackageReference;
			relativePath = ../../Packages/FilmRuntime;
		};
		E2618D39B377E52DE43DF19B /* XCLocalSwiftPackageReference "../../Packages/RenderCore" */ = {
			isa = XCLocalSwiftPackageReference;
			relativePath = ../../Packages/RenderCore;
		};
/* End XCLocalSwiftPackageReference section */

/* Begin XCSwiftPackageProductDependency section */
		1F5D3B1DA1F627D59C3D8B34 /* RenderCore */ = {
			isa = XCSwiftPackageProductDependency;
			productName = RenderCore;
		};
		5E904CBF87DC28A04E46FA0A /* CapturePipeline */ = {
			isa = XCSwiftPackageProductDependency;
			productName = CapturePipeline;
		};
		C140131876B64188AF0ED0D1 /* NativeAdapters */ = {
			isa = XCSwiftPackageProductDependency;
			productName = NativeAdapters;
		};
		E426B161B9CDB36E082BA2E7 /* FilmRuntime */ = {
			isa = XCSwiftPackageProductDependency;
			productName = FilmRuntime;
		};
/* End XCSwiftPackageProductDependency section */
	};
	rootObject = F563810B0FD8E51CE1A2B6C4 /* Project object */;
}
